
Microsoft Visual Studio Solution File, Format Version 11.00
# Visual Studio 2010
Project("{FAE04EC0-301F-11D3-BF4B-00C04F79EFBC}") = "event-replicator", "Synapse.Replicator\event-replicator.csproj", "{B045C485-F263-4041-9879-36F915C86179}"
EndProject
Project("{FAE04EC0-301F-11D3-BF4B-00C04F79EFBC}") = "event-store", "Synapse.Store\event-store.csproj", "{6AF271B3-677F-496A-B78D-E263570698EF}"
EndProject
Project("{2150E333-8FDC-42A3-9474-1A3956D46DE8}") = "azure", "azure", "{7E5C3D75-492C-454E-BEAD-47331D0C2C85}"
EndProject
Project("{CC5FD16D-436D-48AD-A40C-5A424C6E3E79}") = "event-store-azure", "Azure\Synapse.Store.Azure\event-store-azure.ccproj", "{5010C5AD-FB07-421A-92EB-8CE5B761A432}"
EndProject
Project("{FAE04EC0-301F-11D3-BF4B-00C04F79EFBC}") = "event-store-worker", "Azure\Synapse.Store.Worker\event-store-worker.csproj", "{1891EA7E-1301-41D8-ACE2-F15453BC5C8E}"
EndProject
Global
	GlobalSection(SolutionConfigurationPlatforms) = preSolution
		Debug|Mixed Platforms = Debug|Mixed Platforms
		Release|Mixed Platforms = Release|Mixed Platforms
	EndGlobalSection
	GlobalSection(ProjectConfigurationPlatforms) = postSolution
		{B045C485-F263-4041-9879-36F915C86179}.Debug|Mixed Platforms.ActiveCfg = Debug|x86
		{B045C485-F263-4041-9879-36F915C86179}.Debug|Mixed Platforms.Build.0 = Debug|x86
		{B045C485-F263-4041-9879-36F915C86179}.Release|Mixed Platforms.ActiveCfg = Release|x86
		{B045C485-F263-4041-9879-36F915C86179}.Release|Mixed Platforms.Build.0 = Release|x86
		{6AF271B3-677F-496A-B78D-E263570698EF}.Debug|Mixed Platforms.ActiveCfg = Debug|x86
		{6AF271B3-677F-496A-B78D-E263570698EF}.Debug|Mixed Platforms.Build.0 = Debug|x86
		{6AF271B3-677F-496A-B78D-E263570698EF}.Release|Mixed Platforms.ActiveCfg = Release|x86
		{6AF271B3-677F-496A-B78D-E263570698EF}.Release|Mixed Platforms.Build.0 = Release|x86
		{5010C5AD-FB07-421A-92EB-8CE5B761A432}.Debug|Mixed Platforms.ActiveCfg = Debug|Any CPU
		{5010C5AD-FB07-421A-92EB-8CE5B761A432}.Debug|Mixed Platforms.Build.0 = Debug|Any CPU
		{5010C5AD-FB07-421A-92EB-8CE5B761A432}.Release|Mixed Platforms.ActiveCfg = Release|Any CPU
		{5010C5AD-FB07-421A-92EB-8CE5B761A432}.Release|Mixed Platforms.Build.0 = Release|Any CPU
		{1891EA7E-1301-41D8-ACE2-F15453BC5C8E}.Debug|Mixed Platforms.ActiveCfg = Debug|x64
		{1891EA7E-1301-41D8-ACE2-F15453BC5C8E}.Debug|Mixed Platforms.Build.0 = Debug|x64
		{1891EA7E-1301-41D8-ACE2-F15453BC5C8E}.Release|Mixed Platforms.ActiveCfg = Release|x64
		{1891EA7E-1301-41D8-ACE2-F15453BC5C8E}.Release|Mixed Platforms.Build.0 = Release|x64
	EndGlobalSection
	GlobalSection(SolutionProperties) = preSolution
		HideSolutionNode = FALSE
	EndGlobalSection
	GlobalSection(NestedProjects) = preSolution
		{5010C5AD-FB07-421A-92EB-8CE5B761A432} = {7E5C3D75-492C-454E-BEAD-47331D0C2C85}
		{1891EA7E-1301-41D8-ACE2-F15453BC5C8E} = {7E5C3D75-492C-454E-BEAD-47331D0C2C85}
	EndGlobalSection
EndGlobal
